
Microsoft Visual Studio Solution File, Format Version 12.00
# Visual Studio 15
VisualStudioVersion = 15.0.27004.2005
MinimumVisualStudioVersion = 10.0.40219.1
Project("{FAE04EC0-301F-11D3-BF4B-00C04F79EFBC}") = "WebApi", "WebApi\WebApi.csproj", "{B4DF3E4A-D8D3-45AA-891E-09249847FABC}"
EndProject
Project("{FAE04EC0-301F-11D3-BF4B-00C04F79EFBC}") = "WebApi.Tests", "WebApi.Tests\WebApi.Tests.csproj", "{6ED72CAC-E71F-40A7-833E-847A06B1303A}"
EndProject
Global
	GlobalSection(SolutionConfigurationPlatforms) = preSolution
		Debug|Any CPU = Debug|Any CPU
		Release|Any CPU = Release|Any CPU
	EndGlobalSection
	GlobalSection(ProjectConfigurationPlatforms) = postSolution
		{B4DF3E4A-D8D3-45AA-891E-09249847FABC}.Debug|Any CPU.ActiveCfg = Debug|Any CPU
		{B4DF3E4A-D8D3-45AA-891E-09249847FABC}.Debug|Any CPU.Build.0 = Debug|Any CPU
		{B4DF3E4A-D8D3-45AA-891E-09249847FABC}.Release|Any CPU.ActiveCfg = Release|Any CPU
		{B4DF3E4A-D8D3-45AA-891E-09249847FABC}.Release|Any CPU.Build.0 = Release|Any CPU
		{6ED72CAC-E71F-40A7-833E-847A06B1303A}.Debug|Any CPU.ActiveCfg = Debug|Any CPU
		{6ED72CAC-E71F-40A7-833E-847A06B1303A}.Debug|Any CPU.Build.0 = Debug|Any CPU
		{6ED72CAC-E71F-40A7-833E-847A06B1303A}.Release|Any CPU.ActiveCfg = Release|Any CPU
		{6ED72CAC-E71F-40A7-833E-847A06B1303A}.Release|Any CPU.Build.0 = Release|Any CPU
	EndGlobalSection
	GlobalSection(SolutionProperties) = preSolution
		HideSolutionNode = FALSE
	EndGlobalSection
	GlobalSection(ExtensibilityGlobals) = postSolution
		SolutionGuid = {DB2BE101-6DF8-472F-9C10-C7E0CD3BDD8F}
	EndGlobalSection
EndGlobal
