
Microsoft Visual Studio Solution File, Format Version 12.00
# Visual Studio 15
VisualStudioVersion = 15.0.27004.2005
MinimumVisualStudioVersion = 10.0.40219.1
Project("{FAE04EC0-301F-11D3-BF4B-00C04F79EFBC}") = "Portal", "Portal\Portal.csproj", "{B4DF3E4A-D8D3-45AA-891E-09249847FABC}"
EndProject
Project("{9A19103F-16F7-4668-BE54-9A1E7A4F7556}") = "CoreWithAngular", "CoreWithAngular\CoreWithAngular.csproj", "{19C1999D-87D2-4769-BD24-F866113554F4}"
EndProject
Project("{FAE04EC0-301F-11D3-BF4B-00C04F79EFBC}") = "Api", "Api\Api.csproj", "{86483504-ADA7-4BCF-B643-303C66D7A869}"
EndProject
Project("{FAE04EC0-301F-11D3-BF4B-00C04F79EFBC}") = "Repositories", "Repositories\Repositories.csproj", "{CFD730C8-CD7D-46DB-8773-3FDFA32A41C8}"
EndProject
Project("{FAE04EC0-301F-11D3-BF4B-00C04F79EFBC}") = "Model", "Model\Model.csproj", "{F5D5D6E5-71F6-4F16-BA5A-CF02A284011C}"
EndProject
Project("{FAE04EC0-301F-11D3-BF4B-00C04F79EFBC}") = "Data", "Data\Data.csproj", "{F8C01F39-871C-4904-90E0-9BFB953B50FF}"
EndProject
Global
	GlobalSection(SolutionConfigurationPlatforms) = preSolution
		Debug|Any CPU = Debug|Any CPU
		Release|Any CPU = Release|Any CPU
	EndGlobalSection
	GlobalSection(ProjectConfigurationPlatforms) = postSolution
		{B4DF3E4A-D8D3-45AA-891E-09249847FABC}.Debug|Any CPU.ActiveCfg = Debug|Any CPU
		{B4DF3E4A-D8D3-45AA-891E-09249847FABC}.Debug|Any CPU.Build.0 = Debug|Any CPU
		{B4DF3E4A-D8D3-45AA-891E-09249847FABC}.Release|Any CPU.ActiveCfg = Release|Any CPU
		{B4DF3E4A-D8D3-45AA-891E-09249847FABC}.Release|Any CPU.Build.0 = Release|Any CPU
		{19C1999D-87D2-4769-BD24-F866113554F4}.Debug|Any CPU.ActiveCfg = Debug|Any CPU
		{19C1999D-87D2-4769-BD24-F866113554F4}.Debug|Any CPU.Build.0 = Debug|Any CPU
		{19C1999D-87D2-4769-BD24-F866113554F4}.Release|Any CPU.ActiveCfg = Release|Any CPU
		{19C1999D-87D2-4769-BD24-F866113554F4}.Release|Any CPU.Build.0 = Release|Any CPU
		{86483504-ADA7-4BCF-B643-303C66D7A869}.Debug|Any CPU.ActiveCfg = Debug|Any CPU
		{86483504-ADA7-4BCF-B643-303C66D7A869}.Debug|Any CPU.Build.0 = Debug|Any CPU
		{86483504-ADA7-4BCF-B643-303C66D7A869}.Release|Any CPU.ActiveCfg = Release|Any CPU
		{86483504-ADA7-4BCF-B643-303C66D7A869}.Release|Any CPU.Build.0 = Release|Any CPU
		{CFD730C8-CD7D-46DB-8773-3FDFA32A41C8}.Debug|Any CPU.ActiveCfg = Debug|Any CPU
		{CFD730C8-CD7D-46DB-8773-3FDFA32A41C8}.Debug|Any CPU.Build.0 = Debug|Any CPU
		{CFD730C8-CD7D-46DB-8773-3FDFA32A41C8}.Release|Any CPU.ActiveCfg = Release|Any CPU
		{CFD730C8-CD7D-46DB-8773-3FDFA32A41C8}.Release|Any CPU.Build.0 = Release|Any CPU
		{F5D5D6E5-71F6-4F16-BA5A-CF02A284011C}.Debug|Any CPU.ActiveCfg = Debug|Any CPU
		{F5D5D6E5-71F6-4F16-BA5A-CF02A284011C}.Debug|Any CPU.Build.0 = Debug|Any CPU
		{F5D5D6E5-71F6-4F16-BA5A-CF02A284011C}.Release|Any CPU.ActiveCfg = Release|Any CPU
		{F5D5D6E5-71F6-4F16-BA5A-CF02A284011C}.Release|Any CPU.Build.0 = Release|Any CPU
		{F8C01F39-871C-4904-90E0-9BFB953B50FF}.Debug|Any CPU.ActiveCfg = Debug|Any CPU
		{F8C01F39-871C-4904-90E0-9BFB953B50FF}.Debug|Any CPU.Build.0 = Debug|Any CPU
		{F8C01F39-871C-4904-90E0-9BFB953B50FF}.Release|Any CPU.ActiveCfg = Release|Any CPU
		{F8C01F39-871C-4904-90E0-9BFB953B50FF}.Release|Any CPU.Build.0 = Release|Any CPU
	EndGlobalSection
	GlobalSection(SolutionProperties) = preSolution
		HideSolutionNode = FALSE
	EndGlobalSection
	GlobalSection(ExtensibilityGlobals) = postSolution
		SolutionGuid = {DB2BE101-6DF8-472F-9C10-C7E0CD3BDD8F}
	EndGlobalSection
EndGlobal
